
Microsoft Visual Studio Solution File, Format Version 12.00
# Visual Studio Version 16
VisualStudioVersion = 16.0.30523.141
MinimumVisualStudioVersion = 10.0.40219.1
Project("{9A19103F-16F7-4668-BE54-9A1E7A4F7556}") = "TP1", "TP1\TP1.csproj", "{39A8369C-A44E-498F-8CAA-3C59E8646109}"
EndProject
Project("{FAE04EC0-301F-11D3-BF4B-00C04F79EFBC}") = "Ex4", "Ex4\Ex4.csproj", "{A6DF31C3-D2B1-473C-A83F-1E60CC555543}"
EndProject
Global
	GlobalSection(SolutionConfigurationPlatforms) = preSolution
		Debug|Any CPU = Debug|Any CPU
		Release|Any CPU = Release|Any CPU
	EndGlobalSection
	GlobalSection(ProjectConfigurationPlatforms) = postSolution
		{39A8369C-A44E-498F-8CAA-3C59E8646109}.Debug|Any CPU.ActiveCfg = Debug|Any CPU
		{39A8369C-A44E-498F-8CAA-3C59E8646109}.Debug|Any CPU.Build.0 = Debug|Any CPU
		{39A8369C-A44E-498F-8CAA-3C59E8646109}.Release|Any CPU.ActiveCfg = Release|Any CPU
		{39A8369C-A44E-498F-8CAA-3C59E8646109}.Release|Any CPU.Build.0 = Release|Any CPU
		{A6DF31C3-D2B1-473C-A83F-1E60CC555543}.Debug|Any CPU.ActiveCfg = Debug|Any CPU
		{A6DF31C3-D2B1-473C-A83F-1E60CC555543}.Debug|Any CPU.Build.0 = Debug|Any CPU
		{A6DF31C3-D2B1-473C-A83F-1E60CC555543}.Release|Any CPU.ActiveCfg = Release|Any CPU
		{A6DF31C3-D2B1-473C-A83F-1E60CC555543}.Release|Any CPU.Build.0 = Release|Any CPU
	EndGlobalSection
	GlobalSection(SolutionProperties) = preSolution
		HideSolutionNode = FALSE
	EndGlobalSection
	GlobalSection(ExtensibilityGlobals) = postSolution
		SolutionGuid = {60DAAF50-7ADF-427C-8315-6E982B5103D2}
	EndGlobalSection
EndGlobal
